# This file is automatically @generated by Cargo.
# It is not intended for manual editing.
version = 4

[[package]]
name = "build-runner"
version = "0.1.0"

[[package]]
name = "snapshot-engine"
version = "0.1.0"

[[package]]
name = "workspace-materializer"
version = "0.1.0"
dependencies = [
 "snapshot-engine",
]
